// !$*UTF8*$!
{
	archiveVersion = 1;
	classes = {
	};
	objectVersion = 46;
	objects = {

/* Begin PBXBuildFile section */
		4C4E446D1EE00DAD004A8F78 /* UIBttonCornerRadius.swift in Sources */ = {isa = PBXBuildFile; fileRef = 4C4E44671EE00DAD004A8F78 /* UIBttonCornerRadius.swift */; };
		4C4E446E1EE00DAD004A8F78 /* UIButtonBorder.swift in Sources */ = {isa = PBXBuildFile; fileRef = 4C4E44681EE00DAD004A8F78 /* UIButtonBorder.swift */; };
		4C4E446F1EE00DAD004A8F78 /* UIButtonClassExtension.swift in Sources */ = {isa = PBXBuildFile; fileRef = 4C4E44691EE00DAD004A8F78 /* UIButtonClassExtension.swift */; };
		4C4E44701EE00DAD004A8F78 /* UIButtonShadowBorder.swift in Sources */ = {isa = PBXBuildFile; fileRef = 4C4E446A1EE00DAD004A8F78 /* UIButtonShadowBorder.swift */; };
		4C4E44711EE00DAD004A8F78 /* UIButtonSublayer.swift in Sources */ = {isa = PBXBuildFile; fileRef = 4C4E446B1EE00DAD004A8F78 /* UIButtonSublayer.swift */; };
		4C4E44731EE00DF8004A8F78 /* UIButtonExtension.swift in Sources */ = {isa = PBXBuildFile; fileRef = 4C4E44721EE00DF8004A8F78 /* UIButtonExtension.swift */; };
		4C6209D31EF8E893008DB067 /* GlobalEnums.swift in Sources */ = {isa = PBXBuildFile; fileRef = 4C6209D21EF8E893008DB067 /* GlobalEnums.swift */; };
		4C77E6D41EE55480000ADDFA /* UILabelBorder.swift in Sources */ = {isa = PBXBuildFile; fileRef = 4C77E6D31EE55480000ADDFA /* UILabelBorder.swift */; };
		4C77E6D61EE55502000ADDFA /* UILabelCornerRadius.swift in Sources */ = {isa = PBXBuildFile; fileRef = 4C77E6D51EE55502000ADDFA /* UILabelCornerRadius.swift */; };
		4C77E6DA1EE555E3000ADDFA /* UILabelClassExtension.swift in Sources */ = {isa = PBXBuildFile; fileRef = 4C77E6D91EE555E3000ADDFA /* UILabelClassExtension.swift */; };
		4C77E6E11EE55A18000ADDFA /* UIImageExtended.swift in Sources */ = {isa = PBXBuildFile; fileRef = 4C77E6E01EE55A18000ADDFA /* UIImageExtended.swift */; };
		4C77E6E61EE564C6000ADDFA /* UIImageViewBorder.swift in Sources */ = {isa = PBXBuildFile; fileRef = 4C77E6E51EE564C6000ADDFA /* UIImageViewBorder.swift */; };
		4C77E6E81EE5661C000ADDFA /* UIImageViewRadius.swift in Sources */ = {isa = PBXBuildFile; fileRef = 4C77E6E71EE5661C000ADDFA /* UIImageViewRadius.swift */; };
		4C77E6EA1EE56832000ADDFA /* UIImageViewExtension.swift in Sources */ = {isa = PBXBuildFile; fileRef = 4C77E6E91EE56832000ADDFA /* UIImageViewExtension.swift */; };
		4C77E6EC1EE569C6000ADDFA /* UIImageViewExtended.swift in Sources */ = {isa = PBXBuildFile; fileRef = 4C77E6EB1EE569C6000ADDFA /* UIImageViewExtended.swift */; };
		4C8794F11EDD52BA007EB30E /* ViewController.swift in Sources */ = {isa = PBXBuildFile; fileRef = 4C8794F01EDD52BA007EB30E /* ViewController.swift */; };
		4C8794F41EDD52BA007EB30E /* Main.storyboard in Resources */ = {isa = PBXBuildFile; fileRef = 4C8794F21EDD52BA007EB30E /* Main.storyboard */; };
		4C8794F71EDD52BA007EB30E /* CommonCodeSwift.xcdatamodeld in Sources */ = {isa = PBXBuildFile; fileRef = 4C8794F51EDD52BA007EB30E /* CommonCodeSwift.xcdatamodeld */; };
		4C8794F91EDD52BA007EB30E /* Assets.xcassets in Resources */ = {isa = PBXBuildFile; fileRef = 4C8794F81EDD52BA007EB30E /* Assets.xcassets */; };
		4C8794FC1EDD52BA007EB30E /* LaunchScreen.storyboard in Resources */ = {isa = PBXBuildFile; fileRef = 4C8794FA1EDD52BA007EB30E /* LaunchScreen.storyboard */; };
		4C8795071EDD52BA007EB30E /* CommonCodeSwiftTests.swift in Sources */ = {isa = PBXBuildFile; fileRef = 4C8795061EDD52BA007EB30E /* CommonCodeSwiftTests.swift */; };
		4C8795121EDD52BA007EB30E /* CommonCodeSwiftUITests.swift in Sources */ = {isa = PBXBuildFile; fileRef = 4C8795111EDD52BA007EB30E /* CommonCodeSwiftUITests.swift */; };
		4C87955F1EDD95FB007EB30E /* AppDelegate.swift in Sources */ = {isa = PBXBuildFile; fileRef = 4C87955E1EDD95FB007EB30E /* AppDelegate.swift */; };
		4C89F2B91F30614D007B0D43 /* AGDatePicker.swift in Sources */ = {isa = PBXBuildFile; fileRef = 4C89F2B81F30614D007B0D43 /* AGDatePicker.swift */; };
		4CCC5D441EEFA6A600012218 /* UITextFieldBorder.swift in Sources */ = {isa = PBXBuildFile; fileRef = 4CCC5D431EEFA6A600012218 /* UITextFieldBorder.swift */; };
		4CCC5D461EEFA6BA00012218 /* UITextFieldClassExtension.swift in Sources */ = {isa = PBXBuildFile; fileRef = 4CCC5D451EEFA6BA00012218 /* UITextFieldClassExtension.swift */; };
		4CCC5D4A1EEFA78400012218 /* UITextFieldPadding.swift in Sources */ = {isa = PBXBuildFile; fileRef = 4CCC5D491EEFA78400012218 /* UITextFieldPadding.swift */; };
		4CCC5D4E1EEFD1EE00012218 /* UITableViewCellExtension.swift in Sources */ = {isa = PBXBuildFile; fileRef = 4CCC5D4D1EEFD1EE00012218 /* UITableViewCellExtension.swift */; };
		4CCC5D501EEFD22400012218 /* UICollecionViewCellExtension.swift in Sources */ = {isa = PBXBuildFile; fileRef = 4CCC5D4F1EEFD22400012218 /* UICollecionViewCellExtension.swift */; };
		4CCC5D551EEFE02A00012218 /* UITextViewClassExtension.swift in Sources */ = {isa = PBXBuildFile; fileRef = 4CCC5D541EEFE02A00012218 /* UITextViewClassExtension.swift */; };
		4CCC5D571EEFE05700012218 /* UItextViewBorder.swift in Sources */ = {isa = PBXBuildFile; fileRef = 4CCC5D561EEFE05700012218 /* UItextViewBorder.swift */; };
		4CCC5D5F1EEFF75700012218 /* UIViewClassExtension.swift in Sources */ = {isa = PBXBuildFile; fileRef = 4CCC5D5E1EEFF75700012218 /* UIViewClassExtension.swift */; };
		4CCC5D611EEFF76D00012218 /* UIViewBorder.swift in Sources */ = {isa = PBXBuildFile; fileRef = 4CCC5D601EEFF76D00012218 /* UIViewBorder.swift */; };
		4CDEB7E41F319AE000290BDB /* GetCurrentLocation.swift in Sources */ = {isa = PBXBuildFile; fileRef = 4CDEB7E31F319AE000290BDB /* GetCurrentLocation.swift */; };
/* End PBXBuildFile section */

/* Begin PBXContainerItemProxy section */
		4C8795031EDD52BA007EB30E /* PBXContainerItemProxy */ = {
			isa = PBXContainerItemProxy;
			containerPortal = 4C8794E31EDD52BA007EB30E /* Project object */;
			proxyType = 1;
			remoteGlobalIDString = 4C8794EA1EDD52BA007EB30E;
			remoteInfo = CommonCodeSwift;
		};
		4C87950E1EDD52BA007EB30E /* PBXContainerItemProxy */ = {
			isa = PBXContainerItemProxy;
			containerPortal = 4C8794E31EDD52BA007EB30E /* Project object */;
			proxyType = 1;
			remoteGlobalIDString = 4C8794EA1EDD52BA007EB30E;
			remoteInfo = CommonCodeSwift;
		};
/* End PBXContainerItemProxy section */

/* Begin PBXFileReference section */
		4C4E44671EE00DAD004A8F78 /* UIBttonCornerRadius.swift */ = {isa = PBXFileReference; fileEncoding = 4; lastKnownFileType = sourcecode.swift; path = UIBttonCornerRadius.swift; sourceTree = "<group>"; };
		4C4E44681EE00DAD004A8F78 /* UIButtonBorder.swift */ = {isa = PBXFileReference; fileEncoding = 4; lastKnownFileType = sourcecode.swift; path = UIButtonBorder.swift; sourceTree = "<group>"; };
		4C4E44691EE00DAD004A8F78 /* UIButtonClassExtension.swift */ = {isa = PBXFileReference; fileEncoding = 4; lastKnownFileType = sourcecode.swift; path = UIButtonClassExtension.swift; sourceTree = "<group>"; };
		4C4E446A1EE00DAD004A8F78 /* UIButtonShadowBorder.swift */ = {isa = PBXFileReference; fileEncoding = 4; lastKnownFileType = sourcecode.swift; path = UIButtonShadowBorder.swift; sourceTree = "<group>"; };
		4C4E446B1EE00DAD004A8F78 /* UIButtonSublayer.swift */ = {isa = PBXFileReference; fileEncoding = 4; lastKnownFileType = sourcecode.swift; path = UIButtonSublayer.swift; sourceTree = "<group>"; };
		4C4E44721EE00DF8004A8F78 /* UIButtonExtension.swift */ = {isa = PBXFileReference; fileEncoding = 4; lastKnownFileType = sourcecode.swift; path = UIButtonExtension.swift; sourceTree = "<group>"; };
		4C6209D21EF8E893008DB067 /* GlobalEnums.swift */ = {isa = PBXFileReference; fileEncoding = 4; lastKnownFileType = sourcecode.swift; path = GlobalEnums.swift; sourceTree = "<group>"; };
		4C77E6D31EE55480000ADDFA /* UILabelBorder.swift */ = {isa = PBXFileReference; fileEncoding = 4; lastKnownFileType = sourcecode.swift; path = UILabelBorder.swift; sourceTree = "<group>"; };
		4C77E6D51EE55502000ADDFA /* UILabelCornerRadius.swift */ = {isa = PBXFileReference; fileEncoding = 4; lastKnownFileType = sourcecode.swift; path = UILabelCornerRadius.swift; sourceTree = "<group>"; };
		4C77E6D91EE555E3000ADDFA /* UILabelClassExtension.swift */ = {isa = PBXFileReference; fileEncoding = 4; lastKnownFileType = sourcecode.swift; path = UILabelClassExtension.swift; sourceTree = "<group>"; };
		4C77E6E01EE55A18000ADDFA /* UIImageExtended.swift */ = {isa = PBXFileReference; fileEncoding = 4; lastKnownFileType = sourcecode.swift; path = UIImageExtended.swift; sourceTree = "<group>"; };
		4C77E6E51EE564C6000ADDFA /* UIImageViewBorder.swift */ = {isa = PBXFileReference; fileEncoding = 4; lastKnownFileType = sourcecode.swift; path = UIImageViewBorder.swift; sourceTree = "<group>"; };
		4C77E6E71EE5661C000ADDFA /* UIImageViewRadius.swift */ = {isa = PBXFileReference; fileEncoding = 4; lastKnownFileType = sourcecode.swift; path = UIImageViewRadius.swift; sourceTree = "<group>"; };
		4C77E6E91EE56832000ADDFA /* UIImageViewExtension.swift */ = {isa = PBXFileReference; fileEncoding = 4; lastKnownFileType = sourcecode.swift; path = UIImageViewExtension.swift; sourceTree = "<group>"; };
		4C77E6EB1EE569C6000ADDFA /* UIImageViewExtended.swift */ = {isa = PBXFileReference; fileEncoding = 4; lastKnownFileType = sourcecode.swift; path = UIImageViewExtended.swift; sourceTree = "<group>"; };
		4C8794EB1EDD52BA007EB30E /* CommonCodeSwift.app */ = {isa = PBXFileReference; explicitFileType = wrapper.application; includeInIndex = 0; path = CommonCodeSwift.app; sourceTree = BUILT_PRODUCTS_DIR; };
		4C8794F01EDD52BA007EB30E /* ViewController.swift */ = {isa = PBXFileReference; lastKnownFileType = sourcecode.swift; path = ViewController.swift; sourceTree = "<group>"; };
		4C8794F31EDD52BA007EB30E /* Base */ = {isa = PBXFileReference; lastKnownFileType = file.storyboard; name = Base; path = Base.lproj/Main.storyboard; sourceTree = "<group>"; };
		4C8794F61EDD52BA007EB30E /* CommonCodeSwift.xcdatamodel */ = {isa = PBXFileReference; lastKnownFileType = wrapper.xcdatamodel; path = CommonCodeSwift.xcdatamodel; sourceTree = "<group>"; };
		4C8794F81EDD52BA007EB30E /* Assets.xcassets */ = {isa = PBXFileReference; lastKnownFileType = folder.assetcatalog; path = Assets.xcassets; sourceTree = "<group>"; };
		4C8794FB1EDD52BA007EB30E /* Base */ = {isa = PBXFileReference; lastKnownFileType = file.storyboard; name = Base; path = Base.lproj/LaunchScreen.storyboard; sourceTree = "<group>"; };
		4C8794FD1EDD52BA007EB30E /* Info.plist */ = {isa = PBXFileReference; lastKnownFileType = text.plist.xml; path = Info.plist; sourceTree = "<group>"; };
		4C8795021EDD52BA007EB30E /* CommonCodeSwiftTests.xctest */ = {isa = PBXFileReference; explicitFileType = wrapper.cfbundle; includeInIndex = 0; path = CommonCodeSwiftTests.xctest; sourceTree = BUILT_PRODUCTS_DIR; };
		4C8795061EDD52BA007EB30E /* CommonCodeSwiftTests.swift */ = {isa = PBXFileReference; lastKnownFileType = sourcecode.swift; path = CommonCodeSwiftTests.swift; sourceTree = "<group>"; };
		4C8795081EDD52BA007EB30E /* Info.plist */ = {isa = PBXFileReference; lastKnownFileType = text.plist.xml; path = Info.plist; sourceTree = "<group>"; };
		4C87950D1EDD52BA007EB30E /* CommonCodeSwiftUITests.xctest */ = {isa = PBXFileReference; explicitFileType = wrapper.cfbundle; includeInIndex = 0; path = CommonCodeSwiftUITests.xctest; sourceTree = BUILT_PRODUCTS_DIR; };
		4C8795111EDD52BA007EB30E /* CommonCodeSwiftUITests.swift */ = {isa = PBXFileReference; lastKnownFileType = sourcecode.swift; path = CommonCodeSwiftUITests.swift; sourceTree = "<group>"; };
		4C8795131EDD52BA007EB30E /* Info.plist */ = {isa = PBXFileReference; lastKnownFileType = text.plist.xml; path = Info.plist; sourceTree = "<group>"; };
		4C87955E1EDD95FB007EB30E /* AppDelegate.swift */ = {isa = PBXFileReference; fileEncoding = 4; lastKnownFileType = sourcecode.swift; path = AppDelegate.swift; sourceTree = "<group>"; };
		4C89F2B81F30614D007B0D43 /* AGDatePicker.swift */ = {isa = PBXFileReference; fileEncoding = 4; lastKnownFileType = sourcecode.swift; path = AGDatePicker.swift; sourceTree = "<group>"; };
		4CCC5D431EEFA6A600012218 /* UITextFieldBorder.swift */ = {isa = PBXFileReference; fileEncoding = 4; lastKnownFileType = sourcecode.swift; path = UITextFieldBorder.swift; sourceTree = "<group>"; };
		4CCC5D451EEFA6BA00012218 /* UITextFieldClassExtension.swift */ = {isa = PBXFileReference; fileEncoding = 4; lastKnownFileType = sourcecode.swift; path = UITextFieldClassExtension.swift; sourceTree = "<group>"; };
		4CCC5D491EEFA78400012218 /* UITextFieldPadding.swift */ = {isa = PBXFileReference; fileEncoding = 4; lastKnownFileType = sourcecode.swift; path = UITextFieldPadding.swift; sourceTree = "<group>"; };
		4CCC5D4D1EEFD1EE00012218 /* UITableViewCellExtension.swift */ = {isa = PBXFileReference; fileEncoding = 4; lastKnownFileType = sourcecode.swift; path = UITableViewCellExtension.swift; sourceTree = "<group>"; };
		4CCC5D4F1EEFD22400012218 /* UICollecionViewCellExtension.swift */ = {isa = PBXFileReference; fileEncoding = 4; lastKnownFileType = sourcecode.swift; path = UICollecionViewCellExtension.swift; sourceTree = "<group>"; };
		4CCC5D541EEFE02A00012218 /* UITextViewClassExtension.swift */ = {isa = PBXFileReference; fileEncoding = 4; lastKnownFileType = sourcecode.swift; path = UITextViewClassExtension.swift; sourceTree = "<group>"; };
		4CCC5D561EEFE05700012218 /* UItextViewBorder.swift */ = {isa = PBXFileReference; fileEncoding = 4; lastKnownFileType = sourcecode.swift; path = UItextViewBorder.swift; sourceTree = "<group>"; };
		4CCC5D5E1EEFF75700012218 /* UIViewClassExtension.swift */ = {isa = PBXFileReference; fileEncoding = 4; lastKnownFileType = sourcecode.swift; path = UIViewClassExtension.swift; sourceTree = "<group>"; };
		4CCC5D601EEFF76D00012218 /* UIViewBorder.swift */ = {isa = PBXFileReference; fileEncoding = 4; lastKnownFileType = sourcecode.swift; path = UIViewBorder.swift; sourceTree = "<group>"; };
		4CDEB7E31F319AE000290BDB /* GetCurrentLocation.swift */ = {isa = PBXFileReference; fileEncoding = 4; lastKnownFileType = sourcecode.swift; path = GetCurrentLocation.swift; sourceTree = "<group>"; };
/* End PBXFileReference section */

/* Begin PBXFrameworksBuildPhase section */
		4C8794E81EDD52BA007EB30E /* Frameworks */ = {
			isa = PBXFrameworksBuildPhase;
			buildActionMask = 2147483647;
			files = (
			);
			runOnlyForDeploymentPostprocessing = 0;
		};
		4C8794FF1EDD52BA007EB30E /* Frameworks */ = {
			isa = PBXFrameworksBuildPhase;
			buildActionMask = 2147483647;
			files = (
			);
			runOnlyForDeploymentPostprocessing = 0;
		};
		4C87950A1EDD52BA007EB30E /* Frameworks */ = {
			isa = PBXFrameworksBuildPhase;
			buildActionMask = 2147483647;
			files = (
			);
			runOnlyForDeploymentPostprocessing = 0;
		};
/* End PBXFrameworksBuildPhase section */

/* Begin PBXGroup section */
		4C4E44651EE00DAD004A8F78 /* UIButton */ = {
			isa = PBXGroup;
			children = (
				4C4E44661EE00DAD004A8F78 /* UIButtonClassExtensions */,
				4C4E446C1EE00DAD004A8F78 /* UIButtonExtension */,
			);
			path = UIButton;
			sourceTree = "<group>";
		};
		4C4E44661EE00DAD004A8F78 /* UIButtonClassExtensions */ = {
			isa = PBXGroup;
			children = (
				4C4E44691EE00DAD004A8F78 /* UIButtonClassExtension.swift */,
				4C4E446B1EE00DAD004A8F78 /* UIButtonSublayer.swift */,
				4C4E44671EE00DAD004A8F78 /* UIBttonCornerRadius.swift */,
				4C4E44681EE00DAD004A8F78 /* UIButtonBorder.swift */,
				4C4E446A1EE00DAD004A8F78 /* UIButtonShadowBorder.swift */,
			);
			path = UIButtonClassExtensions;
			sourceTree = "<group>";
		};
		4C4E446C1EE00DAD004A8F78 /* UIButtonExtension */ = {
			isa = PBXGroup;
			children = (
				4C4E44721EE00DF8004A8F78 /* UIButtonExtension.swift */,
			);
			path = UIButtonExtension;
			sourceTree = "<group>";
		};
		4C6209D11EF8E870008DB067 /* GlobalEnum */ = {
			isa = PBXGroup;
			children = (
				4C6209D21EF8E893008DB067 /* GlobalEnums.swift */,
			);
			name = GlobalEnum;
			path = AppDelegate/GlobalEnum;
			sourceTree = "<group>";
		};
		4C77E6D21EE5542B000ADDFA /* UILabel */ = {
			isa = PBXGroup;
			children = (
				4C77E6D31EE55480000ADDFA /* UILabelBorder.swift */,
				4C77E6D51EE55502000ADDFA /* UILabelCornerRadius.swift */,
				4C77E6D91EE555E3000ADDFA /* UILabelClassExtension.swift */,
			);
			path = UILabel;
			sourceTree = "<group>";
		};
		4C77E6DB1EE55990000ADDFA /* UIImage */ = {
			isa = PBXGroup;
			children = (
				4C77E6DC1EE559C6000ADDFA /* UIImageClassEctension */,
				4C77E6DD1EE559C6000ADDFA /* UIImageExtended */,
			);
			path = UIImage;
			sourceTree = "<group>";
		};
		4C77E6DC1EE559C6000ADDFA /* UIImageClassEctension */ = {
			isa = PBXGroup;
			children = (
			);
			path = UIImageClassEctension;
			sourceTree = "<group>";
		};
		4C77E6DD1EE559C6000ADDFA /* UIImageExtended */ = {
			isa = PBXGroup;
			children = (
				4C77E6E01EE55A18000ADDFA /* UIImageExtended.swift */,
			);
			path = UIImageExtended;
			sourceTree = "<group>";
		};
		4C77E6E21EE564AB000ADDFA /* UIImageView */ = {
			isa = PBXGroup;
			children = (
				4C77E6E31EE564AB000ADDFA /* UIImageViewClassExtension */,
				4C77E6E41EE564AB000ADDFA /* UIImageViewExtended */,
			);
			path = UIImageView;
			sourceTree = "<group>";
		};
		4C77E6E31EE564AB000ADDFA /* UIImageViewClassExtension */ = {
			isa = PBXGroup;
			children = (
				4C77E6E51EE564C6000ADDFA /* UIImageViewBorder.swift */,
				4C77E6E71EE5661C000ADDFA /* UIImageViewRadius.swift */,
				4C77E6E91EE56832000ADDFA /* UIImageViewExtension.swift */,
			);
			path = UIImageViewClassExtension;
			sourceTree = "<group>";
		};
		4C77E6E41EE564AB000ADDFA /* UIImageViewExtended */ = {
			isa = PBXGroup;
			children = (
				4C77E6EB1EE569C6000ADDFA /* UIImageViewExtended.swift */,
			);
			path = UIImageViewExtended;
			sourceTree = "<group>";
		};
		4C8794E21EDD52BA007EB30E = {
			isa = PBXGroup;
			children = (
				4C8794ED1EDD52BA007EB30E /* CommonCodeSwift */,
				4C8795051EDD52BA007EB30E /* CommonCodeSwiftTests */,
				4C8795101EDD52BA007EB30E /* CommonCodeSwiftUITests */,
				4C8794EC1EDD52BA007EB30E /* Products */,
			);
			sourceTree = "<group>";
		};
		4C8794EC1EDD52BA007EB30E /* Products */ = {
			isa = PBXGroup;
			children = (
				4C8794EB1EDD52BA007EB30E /* CommonCodeSwift.app */,
				4C8795021EDD52BA007EB30E /* CommonCodeSwiftTests.xctest */,
				4C87950D1EDD52BA007EB30E /* CommonCodeSwiftUITests.xctest */,
			);
			name = Products;
			sourceTree = "<group>";
		};
		4C8794ED1EDD52BA007EB30E /* CommonCodeSwift */ = {
			isa = PBXGroup;
			children = (
				4C87955D1EDD95FB007EB30E /* AppDelegate */,
				4C6209D11EF8E870008DB067 /* GlobalEnum */,
				4C87955C1EDD95ED007EB30E /* Extensions */,
				4C8794F01EDD52BA007EB30E /* ViewController.swift */,
				4C8794F21EDD52BA007EB30E /* Main.storyboard */,
				4C8794F81EDD52BA007EB30E /* Assets.xcassets */,
				4C8794FA1EDD52BA007EB30E /* LaunchScreen.storyboard */,
				4C8794FD1EDD52BA007EB30E /* Info.plist */,
				4C8794F51EDD52BA007EB30E /* CommonCodeSwift.xcdatamodeld */,
			);
			path = CommonCodeSwift;
			sourceTree = "<group>";
		};
		4C8795051EDD52BA007EB30E /* CommonCodeSwiftTests */ = {
			isa = PBXGroup;
			children = (
				4C8795061EDD52BA007EB30E /* CommonCodeSwiftTests.swift */,
				4C8795081EDD52BA007EB30E /* Info.plist */,
			);
			path = CommonCodeSwiftTests;
			sourceTree = "<group>";
		};
		4C8795101EDD52BA007EB30E /* CommonCodeSwiftUITests */ = {
			isa = PBXGroup;
			children = (
				4C8795111EDD52BA007EB30E /* CommonCodeSwiftUITests.swift */,
				4C8795131EDD52BA007EB30E /* Info.plist */,
			);
			path = CommonCodeSwiftUITests;
			sourceTree = "<group>";
		};
		4C87955C1EDD95ED007EB30E /* Extensions */ = {
			isa = PBXGroup;
			children = (
				4CDEB7DE1F31935400290BDB /* CLLocation */,
				4C89F2B71F306124007B0D43 /* AGDatePicker */,
				4CCC5D5B1EEFF73F00012218 /* UIView */,
				4CCC5D511EEFDFEE00012218 /* UITextView */,
				4CCC5D4B1EEFD1C400012218 /* UICollectionVIewCellExtension */,
				4CCC5D4C1EEFD1C400012218 /* UITableViewCelllExtension */,
				4CCC5D3E1EEFA66B00012218 /* UITextField */,
				4C77E6E21EE564AB000ADDFA /* UIImageView */,
				4C77E6D21EE5542B000ADDFA /* UILabel */,
				4C77E6DB1EE55990000ADDFA /* UIImage */,
				4C4E44651EE00DAD004A8F78 /* UIButton */,
			);
			path = Extensions;
			sourceTree = "<group>";
		};
		4C87955D1EDD95FB007EB30E /* AppDelegate */ = {
			isa = PBXGroup;
			children = (
				4C87955E1EDD95FB007EB30E /* AppDelegate.swift */,
			);
			path = AppDelegate;
			sourceTree = "<group>";
		};
		4C89F2B71F306124007B0D43 /* AGDatePicker */ = {
			isa = PBXGroup;
			children = (
				4C89F2B81F30614D007B0D43 /* AGDatePicker.swift */,
			);
			path = AGDatePicker;
			sourceTree = "<group>";
		};
		4CCC5D3E1EEFA66B00012218 /* UITextField */ = {
			isa = PBXGroup;
			children = (
				4CCC5D3F1EEFA66B00012218 /* UITextFieldClassExtension */,
				4CCC5D401EEFA66B00012218 /* UITextFieldExtended */,
			);
			path = UITextField;
			sourceTree = "<group>";
		};
		4CCC5D3F1EEFA66B00012218 /* UITextFieldClassExtension */ = {
			isa = PBXGroup;
			children = (
				4CCC5D451EEFA6BA00012218 /* UITextFieldClassExtension.swift */,
				4CCC5D431EEFA6A600012218 /* UITextFieldBorder.swift */,
				4CCC5D491EEFA78400012218 /* UITextFieldPadding.swift */,
			);
			path = UITextFieldClassExtension;
			sourceTree = "<group>";
		};
		4CCC5D401EEFA66B00012218 /* UITextFieldExtended */ = {
			isa = PBXGroup;
			children = (
			);
			path = UITextFieldExtended;
			sourceTree = "<group>";
		};
		4CCC5D4B1EEFD1C400012218 /* UICollectionVIewCellExtension */ = {
			isa = PBXGroup;
			children = (
				4CCC5D4F1EEFD22400012218 /* UICollecionViewCellExtension.swift */,
			);
			path = UICollectionVIewCellExtension;
			sourceTree = "<group>";
		};
		4CCC5D4C1EEFD1C400012218 /* UITableViewCelllExtension */ = {
			isa = PBXGroup;
			children = (
				4CCC5D4D1EEFD1EE00012218 /* UITableViewCellExtension.swift */,
			);
			path = UITableViewCelllExtension;
			sourceTree = "<group>";
		};
		4CCC5D511EEFDFEE00012218 /* UITextView */ = {
			isa = PBXGroup;
			children = (
				4CCC5D521EEFDFEE00012218 /* UITextViewClassExtension */,
				4CCC5D531EEFDFEE00012218 /* UITextViewExtended */,
			);
			path = UITextView;
			sourceTree = "<group>";
		};
		4CCC5D521EEFDFEE00012218 /* UITextViewClassExtension */ = {
			isa = PBXGroup;
			children = (
				4CCC5D541EEFE02A00012218 /* UITextViewClassExtension.swift */,
				4CCC5D561EEFE05700012218 /* UItextViewBorder.swift */,
			);
			path = UITextViewClassExtension;
			sourceTree = "<group>";
		};
		4CCC5D531EEFDFEE00012218 /* UITextViewExtended */ = {
			isa = PBXGroup;
			children = (
			);
			path = UITextViewExtended;
			sourceTree = "<group>";
		};
		4CCC5D5B1EEFF73F00012218 /* UIView */ = {
			isa = PBXGroup;
			children = (
				4CCC5D5C1EEFF73F00012218 /* UIViewClassExtension */,
				4CCC5D5D1EEFF73F00012218 /* UIViewExtended */,
			);
			path = UIView;
			sourceTree = "<group>";
		};
		4CCC5D5C1EEFF73F00012218 /* UIViewClassExtension */ = {
			isa = PBXGroup;
			children = (
				4CCC5D5E1EEFF75700012218 /* UIViewClassExtension.swift */,
				4CCC5D601EEFF76D00012218 /* UIViewBorder.swift */,
			);
			path = UIViewClassExtension;
			sourceTree = "<group>";
		};
		4CCC5D5D1EEFF73F00012218 /* UIViewExtended */ = {
			isa = PBXGroup;
			children = (
			);
			path = UIViewExtended;
			sourceTree = "<group>";
		};
		4CDEB7DE1F31935400290BDB /* CLLocation */ = {
			isa = PBXGroup;
			children = (
				4CDEB7E31F319AE000290BDB /* GetCurrentLocation.swift */,
			);
			name = CLLocation;
			path = AGDatePicker/CLLocation;
			sourceTree = "<group>";
		};
/* End PBXGroup section */

/* Begin PBXNativeTarget section */
		4C8794EA1EDD52BA007EB30E /* CommonCodeSwift */ = {
			isa = PBXNativeTarget;
			buildConfigurationList = 4C8795161EDD52BA007EB30E /* Build configuration list for PBXNativeTarget "CommonCodeSwift" */;
			buildPhases = (
				4C8794E71EDD52BA007EB30E /* Sources */,
				4C8794E81EDD52BA007EB30E /* Frameworks */,
				4C8794E91EDD52BA007EB30E /* Resources */,
			);
			buildRules = (
			);
			dependencies = (
			);
			name = CommonCodeSwift;
			productName = CommonCodeSwift;
			productReference = 4C8794EB1EDD52BA007EB30E /* CommonCodeSwift.app */;
			productType = "com.apple.product-type.application";
		};
		4C8795011EDD52BA007EB30E /* CommonCodeSwiftTests */ = {
			isa = PBXNativeTarget;
			buildConfigurationList = 4C8795191EDD52BA007EB30E /* Build configuration list for PBXNativeTarget "CommonCodeSwiftTests" */;
			buildPhases = (
				4C8794FE1EDD52BA007EB30E /* Sources */,
				4C8794FF1EDD52BA007EB30E /* Frameworks */,
				4C8795001EDD52BA007EB30E /* Resources */,
			);
			buildRules = (
			);
			dependencies = (
				4C8795041EDD52BA007EB30E /* PBXTargetDependency */,
			);
			name = CommonCodeSwiftTests;
			productName = CommonCodeSwiftTests;
			productReference = 4C8795021EDD52BA007EB30E /* CommonCodeSwiftTests.xctest */;
			productType = "com.apple.product-type.bundle.unit-test";
		};
		4C87950C1EDD52BA007EB30E /* CommonCodeSwiftUITests */ = {
			isa = PBXNativeTarget;
			buildConfigurationList = 4C87951C1EDD52BA007EB30E /* Build configuration list for PBXNativeTarget "CommonCodeSwiftUITests" */;
			buildPhases = (
				4C8795091EDD52BA007EB30E /* Sources */,
				4C87950A1EDD52BA007EB30E /* Frameworks */,
				4C87950B1EDD52BA007EB30E /* Resources */,
			);
			buildRules = (
			);
			dependencies = (
				4C87950F1EDD52BA007EB30E /* PBXTargetDependency */,
			);
			name = CommonCodeSwiftUITests;
			productName = CommonCodeSwiftUITests;
			productReference = 4C87950D1EDD52BA007EB30E /* CommonCodeSwiftUITests.xctest */;
			productType = "com.apple.product-type.bundle.ui-testing";
		};
/* End PBXNativeTarget section */

/* Begin PBXProject section */
		4C8794E31EDD52BA007EB30E /* Project object */ = {
			isa = PBXProject;
			attributes = {
				LastSwiftUpdateCheck = 0830;
				LastUpgradeCheck = 0830;
				ORGANIZATIONNAME = aman19ish;
				TargetAttributes = {
					4C8794EA1EDD52BA007EB30E = {
						CreatedOnToolsVersion = 8.3.2;
						DevelopmentTeam = 8XDB8SC3ZS;
						ProvisioningStyle = Automatic;
					};
					4C8795011EDD52BA007EB30E = {
						CreatedOnToolsVersion = 8.3.2;
						ProvisioningStyle = Automatic;
						TestTargetID = 4C8794EA1EDD52BA007EB30E;
					};
					4C87950C1EDD52BA007EB30E = {
						CreatedOnToolsVersion = 8.3.2;
						ProvisioningStyle = Automatic;
						TestTargetID = 4C8794EA1EDD52BA007EB30E;
					};
				};
			};
			buildConfigurationList = 4C8794E61EDD52BA007EB30E /* Build configuration list for PBXProject "CommonCodeSwift" */;
			compatibilityVersion = "Xcode 3.2";
			developmentRegion = English;
			hasScannedForEncodings = 0;
			knownRegions = (
				en,
				Base,
			);
			mainGroup = 4C8794E21EDD52BA007EB30E;
			productRefGroup = 4C8794EC1EDD52BA007EB30E /* Products */;
			projectDirPath = "";
			projectRoot = "";
			targets = (
				4C8794EA1EDD52BA007EB30E /* CommonCodeSwift */,
				4C8795011EDD52BA007EB30E /* CommonCodeSwiftTests */,
				4C87950C1EDD52BA007EB30E /* CommonCodeSwiftUITests */,
			);
		};
/* End PBXProject section */

/* Begin PBXResourcesBuildPhase section */
		4C8794E91EDD52BA007EB30E /* Resources */ = {
			isa = PBXResourcesBuildPhase;
			buildActionMask = 2147483647;
			files = (
				4C8794FC1EDD52BA007EB30E /* LaunchScreen.storyboard in Resources */,
				4C8794F91EDD52BA007EB30E /* Assets.xcassets in Resources */,
				4C8794F41EDD52BA007EB30E /* Main.storyboard in Resources */,
			);
			runOnlyForDeploymentPostprocessing = 0;
		};
		4C8795001EDD52BA007EB30E /* Resources */ = {
			isa = PBXResourcesBuildPhase;
			buildActionMask = 2147483647;
			files = (
			);
			runOnlyForDeploymentPostprocessing = 0;
		};
		4C87950B1EDD52BA007EB30E /* Resources */ = {
			isa = PBXResourcesBuildPhase;
			buildActionMask = 2147483647;
			files = (
			);
			runOnlyForDeploymentPostprocessing = 0;
		};
/* End PBXResourcesBuildPhase section */

/* Begin PBXSourcesBuildPhase section */
		4C8794E71EDD52BA007EB30E /* Sources */ = {
			isa = PBXSourcesBuildPhase;
			buildActionMask = 2147483647;
			files = (
				4C87955F1EDD95FB007EB30E /* AppDelegate.swift in Sources */,
				4C4E44701EE00DAD004A8F78 /* UIButtonShadowBorder.swift in Sources */,
				4C77E6D41EE55480000ADDFA /* UILabelBorder.swift in Sources */,
				4C77E6E11EE55A18000ADDFA /* UIImageExtended.swift in Sources */,
				4CCC5D551EEFE02A00012218 /* UITextViewClassExtension.swift in Sources */,
				4C6209D31EF8E893008DB067 /* GlobalEnums.swift in Sources */,
				4CCC5D5F1EEFF75700012218 /* UIViewClassExtension.swift in Sources */,
				4CCC5D441EEFA6A600012218 /* UITextFieldBorder.swift in Sources */,
				4C77E6DA1EE555E3000ADDFA /* UILabelClassExtension.swift in Sources */,
				4CCC5D461EEFA6BA00012218 /* UITextFieldClassExtension.swift in Sources */,
				4CCC5D501EEFD22400012218 /* UICollecionViewCellExtension.swift in Sources */,
				4C77E6D61EE55502000ADDFA /* UILabelCornerRadius.swift in Sources */,
				4C4E44711EE00DAD004A8F78 /* UIButtonSublayer.swift in Sources */,
				4CCC5D4A1EEFA78400012218 /* UITextFieldPadding.swift in Sources */,
				4C77E6E81EE5661C000ADDFA /* UIImageViewRadius.swift in Sources */,
				4CCC5D571EEFE05700012218 /* UItextViewBorder.swift in Sources */,
				4CDEB7E41F319AE000290BDB /* GetCurrentLocation.swift in Sources */,
				4C8794F71EDD52BA007EB30E /* CommonCodeSwift.xcdatamodeld in Sources */,
				4CCC5D611EEFF76D00012218 /* UIViewBorder.swift in Sources */,
				4C77E6E61EE564C6000ADDFA /* UIImageViewBorder.swift in Sources */,
				4C4E446F1EE00DAD004A8F78 /* UIButtonClassExtension.swift in Sources */,
				4C4E44731EE00DF8004A8F78 /* UIButtonExtension.swift in Sources */,
				4C89F2B91F30614D007B0D43 /* AGDatePicker.swift in Sources */,
				4C4E446E1EE00DAD004A8F78 /* UIButtonBorder.swift in Sources */,
				4C4E446D1EE00DAD004A8F78 /* UIBttonCornerRadius.swift in Sources */,
				4C77E6EA1EE56832000ADDFA /* UIImageViewExtension.swift in Sources */,
				4CCC5D4E1EEFD1EE00012218 /* UITableViewCellExtension.swift in Sources */,
				4C8794F11EDD52BA007EB30E /* ViewController.swift in Sources */,
				4C77E6EC1EE569C6000ADDFA /* UIImageViewExtended.swift in Sources */,
			);
			runOnlyForDeploymentPostprocessing = 0;
		};
		4C8794FE1EDD52BA007EB30E /* Sources */ = {
			isa = PBXSourcesBuildPhase;
			buildActionMask = 2147483647;
			files = (
				4C8795071EDD52BA007EB30E /* CommonCodeSwiftTests.swift in Sources */,
			);
			runOnlyForDeploymentPostprocessing = 0;
		};
		4C8795091EDD52BA007EB30E /* Sources */ = {
			isa = PBXSourcesBuildPhase;
			buildActionMask = 2147483647;
			files = (
				4C8795121EDD52BA007EB30E /* CommonCodeSwiftUITests.swift in Sources */,
			);
			runOnlyForDeploymentPostprocessing = 0;
		};
/* End PBXSourcesBuildPhase section */

/* Begin PBXTargetDependency section */
		4C8795041EDD52BA007EB30E /* PBXTargetDependency */ = {
			isa = PBXTargetDependency;
			target = 4C8794EA1EDD52BA007EB30E /* CommonCodeSwift */;
			targetProxy = 4C8795031EDD52BA007EB30E /* PBXContainerItemProxy */;
		};
		4C87950F1EDD52BA007EB30E /* PBXTargetDependency */ = {
			isa = PBXTargetDependency;
			target = 4C8794EA1EDD52BA007EB30E /* CommonCodeSwift */;
			targetProxy = 4C87950E1EDD52BA007EB30E /* PBXContainerItemProxy */;
		};
/* End PBXTargetDependency section */

/* Begin PBXVariantGroup section */
		4C8794F21EDD52BA007EB30E /* Main.storyboard */ = {
			isa = PBXVariantGroup;
			children = (
				4C8794F31EDD52BA007EB30E /* Base */,
			);
			name = Main.storyboard;
			sourceTree = "<group>";
		};
		4C8794FA1EDD52BA007EB30E /* LaunchScreen.storyboard */ = {
			isa = PBXVariantGroup;
			children = (
				4C8794FB1EDD52BA007EB30E /* Base */,
			);
			name = LaunchScreen.storyboard;
			sourceTree = "<group>";
		};
/* End PBXVariantGroup section */

/* Begin XCBuildConfiguration section */
		4C8795141EDD52BA007EB30E /* Debug */ = {
			isa = XCBuildConfiguration;
			buildSettings = {
				ALWAYS_SEARCH_USER_PATHS = NO;
				CLANG_ANALYZER_NONNULL = YES;
				CLANG_ANALYZER_NUMBER_OBJECT_CONVERSION = YES_AGGRESSIVE;
				CLANG_CXX_LANGUAGE_STANDARD = "gnu++0x";
				CLANG_CXX_LIBRARY = "libc++";
				CLANG_ENABLE_MODULES = YES;
				CLANG_ENABLE_OBJC_ARC = YES;
				CLANG_WARN_BOOL_CONVERSION = YES;
				CLANG_WARN_CONSTANT_CONVERSION = YES;
				CLANG_WARN_DIRECT_OBJC_ISA_USAGE = YES_ERROR;
				CLANG_WARN_DOCUMENTATION_COMMENTS = YES;
				CLANG_WARN_EMPTY_BODY = YES;
				CLANG_WARN_ENUM_CONVERSION = YES;
				CLANG_WARN_INFINITE_RECURSION = YES;
				CLANG_WARN_INT_CONVERSION = YES;
				CLANG_WARN_OBJC_ROOT_CLASS = YES_ERROR;
				CLANG_WARN_SUSPICIOUS_MOVE = YES;
				CLANG_WARN_UNREACHABLE_CODE = YES;
				CLANG_WARN__DUPLICATE_METHOD_MATCH = YES;
				"CODE_SIGN_IDENTITY[sdk=iphoneos*]" = "iPhone Developer";
				COPY_PHASE_STRIP = NO;
				DEBUG_INFORMATION_FORMAT = dwarf;
				ENABLE_STRICT_OBJC_MSGSEND = YES;
				ENABLE_TESTABILITY = YES;
				GCC_C_LANGUAGE_STANDARD = gnu99;
				GCC_DYNAMIC_NO_PIC = NO;
				GCC_NO_COMMON_BLOCKS = YES;
				GCC_OPTIMIZATION_LEVEL = 0;
				GCC_PREPROCESSOR_DEFINITIONS = (
					"DEBUG=1",
					"$(inherited)",
				);
				GCC_WARN_64_TO_32_BIT_CONVERSION = YES;
				GCC_WARN_ABOUT_RETURN_TYPE = YES_ERROR;
				GCC_WARN_UNDECLARED_SELECTOR = YES;
				GCC_WARN_UNINITIALIZED_AUTOS = YES_AGGRESSIVE;
				GCC_WARN_UNUSED_FUNCTION = YES;
				GCC_WARN_UNUSED_VARIABLE = YES;
				IPHONEOS_DEPLOYMENT_TARGET = 10.3;
				MTL_ENABLE_DEBUG_INFO = YES;
				ONLY_ACTIVE_ARCH = YES;
				SDKROOT = iphoneos;
				SWIFT_ACTIVE_COMPILATION_CONDITIONS = DEBUG;
				SWIFT_OPTIMIZATION_LEVEL = "-Onone";
			};
			name = Debug;
		};
		4C8795151EDD52BA007EB30E /* Release */ = {
			isa = XCBuildConfiguration;
			buildSettings = {
				ALWAYS_SEARCH_USER_PATHS = NO;
				CLANG_ANALYZER_NONNULL = YES;
				CLANG_ANALYZER_NUMBER_OBJECT_CONVERSION = YES_AGGRESSIVE;
				CLANG_CXX_LANGUAGE_STANDARD = "gnu++0x";
				CLANG_CXX_LIBRARY = "libc++";
				CLANG_ENABLE_MODULES = YES;
				CLANG_ENABLE_OBJC_ARC = YES;
				CLANG_WARN_BOOL_CONVERSION = YES;
				CLANG_WARN_CONSTANT_CONVERSION = YES;
				CLANG_WARN_DIRECT_OBJC_ISA_USAGE = YES_ERROR;
				CLANG_WARN_DOCUMENTATION_COMMENTS = YES;
				CLANG_WARN_EMPTY_BODY = YES;
				CLANG_WARN_ENUM_CONVERSION = YES;
				CLANG_WARN_INFINITE_RECURSION = YES;
				CLANG_WARN_INT_CONVERSION = YES;
				CLANG_WARN_OBJC_ROOT_CLASS = YES_ERROR;
				CLANG_WARN_SUSPICIOUS_MOVE = YES;
				CLANG_WARN_UNREACHABLE_CODE = YES;
				CLANG_WARN__DUPLICATE_METHOD_MATCH = YES;
				"CODE_SIGN_IDENTITY[sdk=iphoneos*]" = "iPhone Developer";
				COPY_PHASE_STRIP = NO;
				DEBUG_INFORMATION_FORMAT = "dwarf-with-dsym";
				ENABLE_NS_ASSERTIONS = NO;
				ENABLE_STRICT_OBJC_MSGSEND = YES;
				GCC_C_LANGUAGE_STANDARD = gnu99;
				GCC_NO_COMMON_BLOCKS = YES;
				GCC_WARN_64_TO_32_BIT_CONVERSION = YES;
				GCC_WARN_ABOUT_RETURN_TYPE = YES_ERROR;
				GCC_WARN_UNDECLARED_SELECTOR = YES;
				GCC_WARN_UNINITIALIZED_AUTOS = YES_AGGRESSIVE;
				GCC_WARN_UNUSED_FUNCTION = YES;
				GCC_WARN_UNUSED_VARIABLE = YES;
				IPHONEOS_DEPLOYMENT_TARGET = 10.3;
				MTL_ENABLE_DEBUG_INFO = NO;
				SDKROOT = iphoneos;
				SWIFT_OPTIMIZATION_LEVEL = "-Owholemodule";
				VALIDATE_PRODUCT = YES;
			};
			name = Release;
		};
		4C8795171EDD52BA007EB30E /* Debug */ = {
			isa = XCBuildConfiguration;
			buildSettings = {
				ASSETCATALOG_COMPILER_APPICON_NAME = AppIcon;
				DEVELOPMENT_TEAM = 8XDB8SC3ZS;
				INFOPLIST_FILE = CommonCodeSwift/Info.plist;
				IPHONEOS_DEPLOYMENT_TARGET = 10.3;
				LD_RUNPATH_SEARCH_PATHS = "$(inherited) @executable_path/Frameworks";
				PRODUCT_BUNDLE_IDENTIFIER = com.aman.CommonCodeSwift;
				PRODUCT_NAME = "$(TARGET_NAME)";
				SWIFT_VERSION = 3.0;
			};
			name = Debug;
		};
		4C8795181EDD52BA007EB30E /* Release */ = {
			isa = XCBuildConfiguration;
			buildSettings = {
				ASSETCATALOG_COMPILER_APPICON_NAME = AppIcon;
				DEVELOPMENT_TEAM = 8XDB8SC3ZS;
				INFOPLIST_FILE = CommonCodeSwift/Info.plist;
				IPHONEOS_DEPLOYMENT_TARGET = 10.3;
				LD_RUNPATH_SEARCH_PATHS = "$(inherited) @executable_path/Frameworks";
				PRODUCT_BUNDLE_IDENTIFIER = com.aman.CommonCodeSwift;
				PRODUCT_NAME = "$(TARGET_NAME)";
				SWIFT_VERSION = 3.0;
			};
			name = Release;
		};
		4C87951A1EDD52BA007EB30E /* Debug */ = {
			isa = XCBuildConfiguration;
			buildSettings = {
				ALWAYS_EMBED_SWIFT_STANDARD_LIBRARIES = YES;
				BUNDLE_LOADER = "$(TEST_HOST)";
				INFOPLIST_FILE = CommonCodeSwiftTests/Info.plist;
				LD_RUNPATH_SEARCH_PATHS = "$(inherited) @executable_path/Frameworks @loader_path/Frameworks";
				PRODUCT_BUNDLE_IDENTIFIER = com.aman.CommonCodeSwiftTests;
				PRODUCT_NAME = "$(TARGET_NAME)";
				SWIFT_VERSION = 3.0;
				TEST_HOST = "$(BUILT_PRODUCTS_DIR)/CommonCodeSwift.app/CommonCodeSwift";
			};
			name = Debug;
		};
		4C87951B1EDD52BA007EB30E /* Release */ = {
			isa = XCBuildConfiguration;
			buildSettings = {
				ALWAYS_EMBED_SWIFT_STANDARD_LIBRARIES = YES;
				BUNDLE_LOADER = "$(TEST_HOST)";
				INFOPLIST_FILE = CommonCodeSwiftTests/Info.plist;
				LD_RUNPATH_SEARCH_PATHS = "$(inherited) @executable_path/Frameworks @loader_path/Frameworks";
				PRODUCT_BUNDLE_IDENTIFIER = com.aman.CommonCodeSwiftTests;
				PRODUCT_NAME = "$(TARGET_NAME)";
				SWIFT_VERSION = 3.0;
				TEST_HOST = "$(BUILT_PRODUCTS_DIR)/CommonCodeSwift.app/CommonCodeSwift";
			};
			name = Release;
		};
		4C87951D1EDD52BA007EB30E /* Debug */ = {
			isa = XCBuildConfiguration;
			buildSettings = {
				ALWAYS_EMBED_SWIFT_STANDARD_LIBRARIES = YES;
				INFOPLIST_FILE = CommonCodeSwiftUITests/Info.plist;
				LD_RUNPATH_SEARCH_PATHS = "$(inherited) @executable_path/Frameworks @loader_path/Frameworks";
				PRODUCT_BUNDLE_IDENTIFIER = com.aman.CommonCodeSwiftUITests;
				PRODUCT_NAME = "$(TARGET_NAME)";
				SWIFT_VERSION = 3.0;
				TEST_TARGET_NAME = CommonCodeSwift;
			};
			name = Debug;
		};
		4C87951E1EDD52BA007EB30E /* Release */ = {
			isa = XCBuildConfiguration;
			buildSettings = {
				ALWAYS_EMBED_SWIFT_STANDARD_LIBRARIES = YES;
				INFOPLIST_FILE = CommonCodeSwiftUITests/Info.plist;
				LD_RUNPATH_SEARCH_PATHS = "$(inherited) @executable_path/Frameworks @loader_path/Frameworks";
				PRODUCT_BUNDLE_IDENTIFIER = com.aman.CommonCodeSwiftUITests;
				PRODUCT_NAME = "$(TARGET_NAME)";
				SWIFT_VERSION = 3.0;
				TEST_TARGET_NAME = CommonCodeSwift;
			};
			name = Release;
		};
/* End XCBuildConfiguration section */

/* Begin XCConfigurationList section */
		4C8794E61EDD52BA007EB30E /* Build configuration list for PBXProject "CommonCodeSwift" */ = {
			isa = XCConfigurationList;
			buildConfigurations = (
				4C8795141EDD52BA007EB30E /* Debug */,
				4C8795151EDD52BA007EB30E /* Release */,
			);
			defaultConfigurationIsVisible = 0;
			defaultConfigurationName = Release;
		};
		4C8795161EDD52BA007EB30E /* Build configuration list for PBXNativeTarget "CommonCodeSwift" */ = {
			isa = XCConfigurationList;
			buildConfigurations = (
				4C8795171EDD52BA007EB30E /* Debug */,
				4C8795181EDD52BA007EB30E /* Release */,
			);
			defaultConfigurationIsVisible = 0;
			defaultConfigurationName = Release;
		};
		4C8795191EDD52BA007EB30E /* Build configuration list for PBXNativeTarget "CommonCodeSwiftTests" */ = {
			isa = XCConfigurationList;
			buildConfigurations = (
				4C87951A1EDD52BA007EB30E /* Debug */,
				4C87951B1EDD52BA007EB30E /* Release */,
			);
			defaultConfigurationIsVisible = 0;
			defaultConfigurationName = Release;
		};
		4C87951C1EDD52BA007EB30E /* Build configuration list for PBXNativeTarget "CommonCodeSwiftUITests" */ = {
			isa = XCConfigurationList;
			buildConfigurations = (
				4C87951D1EDD52BA007EB30E /* Debug */,
				4C87951E1EDD52BA007EB30E /* Release */,
			);
			defaultConfigurationIsVisible = 0;
			defaultConfigurationName = Release;
		};
/* End XCConfigurationList section */

/* Begin XCVersionGroup section */
		4C8794F51EDD52BA007EB30E /* CommonCodeSwift.xcdatamodeld */ = {
			isa = XCVersionGroup;
			children = (
				4C8794F61EDD52BA007EB30E /* CommonCodeSwift.xcdatamodel */,
			);
			currentVersion = 4C8794F61EDD52BA007EB30E /* CommonCodeSwift.xcdatamodel */;
			path = CommonCodeSwift.xcdatamodeld;
			sourceTree = "<group>";
			versionGroupType = wrapper.xcdatamodel;
		};
/* End XCVersionGroup section */
	};
	rootObject = 4C8794E31EDD52BA007EB30E /* Project object */;
}
